// !$*UTF8*$!
{
	archiveVersion = 1;
	classes = {
	};
	objectVersion = 56;
	objects = {

/* Begin PBXBuildFile section */
		8CB4FDCE2ACA6AE500A46DD9 /* Main.storyboard in Resources */ = {isa = PBXBuildFile; fileRef = 8CB4FDCC2ACA6AE500A46DD9 /* Main.storyboard */; };
		8CB4FDD12ACA6AE500A46DD9 /* SongStore.xcdatamodeld in Sources */ = {isa = PBXBuildFile; fileRef = 8CB4FDCF2ACA6AE500A46DD9 /* SongStore.xcdatamodeld */; };
		8CB4FDD32ACA6AE600A46DD9 /* Assets.xcassets in Resources */ = {isa = PBXBuildFile; fileRef = 8CB4FDD22ACA6AE600A46DD9 /* Assets.xcassets */; };
		8CB4FDD62ACA6AE600A46DD9 /* LaunchScreen.storyboard in Resources */ = {isa = PBXBuildFile; fileRef = 8CB4FDD42ACA6AE600A46DD9 /* LaunchScreen.storyboard */; };
		8CB4FDEC2ACA6BB900A46DD9 /* ViewController.swift in Sources */ = {isa = PBXBuildFile; fileRef = 8CB4FDE72ACA6BB900A46DD9 /* ViewController.swift */; };
		8CB4FDED2ACA6BB900A46DD9 /* AppDelegate.swift in Sources */ = {isa = PBXBuildFile; fileRef = 8CB4FDE92ACA6BB900A46DD9 /* AppDelegate.swift */; };
		8CB4FDEE2ACA6BB900A46DD9 /* SceneDelegate.swift in Sources */ = {isa = PBXBuildFile; fileRef = 8CB4FDEA2ACA6BB900A46DD9 /* SceneDelegate.swift */; };
		8CB4FDF52ACA6BE800A46DD9 /* RxCocoa in Frameworks */ = {isa = PBXBuildFile; productRef = 8CB4FDF42ACA6BE800A46DD9 /* RxCocoa */; };
		8CB4FDFD2ACA6BE800A46DD9 /* RxSwift in Frameworks */ = {isa = PBXBuildFile; productRef = 8CB4FDFC2ACA6BE800A46DD9 /* RxSwift */; };
		8CB4FE062ACA6BF600A46DD9 /* Kingfisher in Frameworks */ = {isa = PBXBuildFile; productRef = 8CB4FE052ACA6BF600A46DD9 /* Kingfisher */; };
		8CB4FE092ACA6E0700A46DD9 /* SongModel.swift in Sources */ = {isa = PBXBuildFile; fileRef = 8CB4FE082ACA6E0700A46DD9 /* SongModel.swift */; };
		8CB4FE0B2ACA6E3C00A46DD9 /* SongListViewModel.swift in Sources */ = {isa = PBXBuildFile; fileRef = 8CB4FE0A2ACA6E3C00A46DD9 /* SongListViewModel.swift */; };
/* End PBXBuildFile section */

/* Begin PBXFileReference section */
		8CB4FDC32ACA6AE500A46DD9 /* SongStore.app */ = {isa = PBXFileReference; explicitFileType = wrapper.application; includeInIndex = 0; path = SongStore.app; sourceTree = BUILT_PRODUCTS_DIR; };
		8CB4FDCD2ACA6AE500A46DD9 /* Base */ = {isa = PBXFileReference; lastKnownFileType = file.storyboard; name = Base; path = Base.lproj/Main.storyboard; sourceTree = "<group>"; };
		8CB4FDD02ACA6AE500A46DD9 /* SongStore.xcdatamodel */ = {isa = PBXFileReference; lastKnownFileType = wrapper.xcdatamodel; path = SongStore.xcdatamodel; sourceTree = "<group>"; };
		8CB4FDD22ACA6AE600A46DD9 /* Assets.xcassets */ = {isa = PBXFileReference; lastKnownFileType = folder.assetcatalog; path = Assets.xcassets; sourceTree = "<group>"; };
		8CB4FDD52ACA6AE600A46DD9 /* Base */ = {isa = PBXFileReference; lastKnownFileType = file.storyboard; name = Base; path = Base.lproj/LaunchScreen.storyboard; sourceTree = "<group>"; };
		8CB4FDD72ACA6AE600A46DD9 /* Info.plist */ = {isa = PBXFileReference; lastKnownFileType = text.plist.xml; path = Info.plist; sourceTree = "<group>"; };
		8CB4FDE12ACA6B2C00A46DD9 /* zh-Hant */ = {isa = PBXFileReference; lastKnownFileType = text.plist.strings; name = "zh-Hant"; path = "zh-Hant.lproj/Main.strings"; sourceTree = "<group>"; };
		8CB4FDE22ACA6B2C00A46DD9 /* zh-Hant */ = {isa = PBXFileReference; lastKnownFileType = text.plist.strings; name = "zh-Hant"; path = "zh-Hant.lproj/LaunchScreen.strings"; sourceTree = "<group>"; };
		8CB4FDE32ACA6B3200A46DD9 /* zh-Hans */ = {isa = PBXFileReference; lastKnownFileType = text.plist.strings; name = "zh-Hans"; path = "zh-Hans.lproj/Main.strings"; sourceTree = "<group>"; };
		8CB4FDE42ACA6B3200A46DD9 /* zh-Hans */ = {isa = PBXFileReference; lastKnownFileType = text.plist.strings; name = "zh-Hans"; path = "zh-Hans.lproj/LaunchScreen.strings"; sourceTree = "<group>"; };
		8CB4FDE72ACA6BB900A46DD9 /* ViewController.swift */ = {isa = PBXFileReference; fileEncoding = 4; lastKnownFileType = sourcecode.swift; path = ViewController.swift; sourceTree = "<group>"; };
		8CB4FDE92ACA6BB900A46DD9 /* AppDelegate.swift */ = {isa = PBXFileReference; fileEncoding = 4; lastKnownFileType = sourcecode.swift; path = AppDelegate.swift; sourceTree = "<group>"; };
		8CB4FDEA2ACA6BB900A46DD9 /* SceneDelegate.swift */ = {isa = PBXFileReference; fileEncoding = 4; lastKnownFileType = sourcecode.swift; path = SceneDelegate.swift; sourceTree = "<group>"; };
		8CB4FE082ACA6E0700A46DD9 /* SongModel.swift */ = {isa = PBXFileReference; lastKnownFileType = sourcecode.swift; path = SongModel.swift; sourceTree = "<group>"; };
		8CB4FE0A2ACA6E3C00A46DD9 /* SongListViewModel.swift */ = {isa = PBXFileReference; lastKnownFileType = sourcecode.swift; path = SongListViewModel.swift; sourceTree = "<group>"; };
/* End PBXFileReference section */

/* Begin PBXFrameworksBuildPhase section */
		8CB4FDC02ACA6AE500A46DD9 /* Frameworks */ = {
			isa = PBXFrameworksBuildPhase;
			buildActionMask = 2147483647;
			files = (
				8CB4FDF52ACA6BE800A46DD9 /* RxCocoa in Frameworks */,
				8CB4FE062ACA6BF600A46DD9 /* Kingfisher in Frameworks */,
				8CB4FDFD2ACA6BE800A46DD9 /* RxSwift in Frameworks */,
			);
			runOnlyForDeploymentPostprocessing = 0;
		};
/* End PBXFrameworksBuildPhase section */

/* Begin PBXGroup section */
		8CB4FDBA2ACA6AE500A46DD9 = {
			isa = PBXGroup;
			children = (
				8CB4FDC52ACA6AE500A46DD9 /* SongStore */,
				8CB4FDC42ACA6AE500A46DD9 /* Products */,
			);
			sourceTree = "<group>";
		};
		8CB4FDC42ACA6AE500A46DD9 /* Products */ = {
			isa = PBXGroup;
			children = (
				8CB4FDC32ACA6AE500A46DD9 /* SongStore.app */,
			);
			name = Products;
			sourceTree = "<group>";
		};
		8CB4FDC52ACA6AE500A46DD9 /* SongStore */ = {
			isa = PBXGroup;
			children = (
				8CB4FE072ACA6DE900A46DD9 /* Model */,
				8CB4FDE82ACA6BB900A46DD9 /* Delegate */,
				8CB4FDE52ACA6BB900A46DD9 /* View */,
				8CB4FDE62ACA6BB900A46DD9 /* ViewController */,
				8CB4FDEB2ACA6BB900A46DD9 /* ViewModel */,
				8CB4FDCC2ACA6AE500A46DD9 /* Main.storyboard */,
				8CB4FDD22ACA6AE600A46DD9 /* Assets.xcassets */,
				8CB4FDD42ACA6AE600A46DD9 /* LaunchScreen.storyboard */,
				8CB4FDD72ACA6AE600A46DD9 /* Info.plist */,
				8CB4FDCF2ACA6AE500A46DD9 /* SongStore.xcdatamodeld */,
			);
			path = SongStore;
			sourceTree = "<group>";
		};
		8CB4FDE52ACA6BB900A46DD9 /* View */ = {
			isa = PBXGroup;
			children = (
			);
			path = View;
			sourceTree = "<group>";
		};
		8CB4FDE62ACA6BB900A46DD9 /* ViewController */ = {
			isa = PBXGroup;
			children = (
				8CB4FDE72ACA6BB900A46DD9 /* ViewController.swift */,
			);
			path = ViewController;
			sourceTree = "<group>";
		};
		8CB4FDE82ACA6BB900A46DD9 /* Delegate */ = {
			isa = PBXGroup;
			children = (
				8CB4FDE92ACA6BB900A46DD9 /* AppDelegate.swift */,
				8CB4FDEA2ACA6BB900A46DD9 /* SceneDelegate.swift */,
			);
			path = Delegate;
			sourceTree = "<group>";
		};
		8CB4FDEB2ACA6BB900A46DD9 /* ViewModel */ = {
			isa = PBXGroup;
			children = (
				8CB4FE0A2ACA6E3C00A46DD9 /* SongListViewModel.swift */,
			);
			path = ViewModel;
			sourceTree = "<group>";
		};
		8CB4FE072ACA6DE900A46DD9 /* Model */ = {
			isa = PBXGroup;
			children = (
				8CB4FE082ACA6E0700A46DD9 /* SongModel.swift */,
			);
			path = Model;
			sourceTree = "<group>";
		};
/* End PBXGroup section */

/* Begin PBXNativeTarget section */
		8CB4FDC22ACA6AE500A46DD9 /* SongStore */ = {
			isa = PBXNativeTarget;
			buildConfigurationList = 8CB4FDDA2ACA6AE600A46DD9 /* Build configuration list for PBXNativeTarget "SongStore" */;
			buildPhases = (
				8CB4FDBF2ACA6AE500A46DD9 /* Sources */,
				8CB4FDC02ACA6AE500A46DD9 /* Frameworks */,
				8CB4FDC12ACA6AE500A46DD9 /* Resources */,
			);
			buildRules = (
			);
			dependencies = (
			);
			name = SongStore;
			packageProductDependencies = (
				8CB4FDF42ACA6BE800A46DD9 /* RxCocoa */,
				8CB4FDFC2ACA6BE800A46DD9 /* RxSwift */,
				8CB4FE052ACA6BF600A46DD9 /* Kingfisher */,
			);
			productName = SongStore;
			productReference = 8CB4FDC32ACA6AE500A46DD9 /* SongStore.app */;
			productType = "com.apple.product-type.application";
		};
/* End PBXNativeTarget section */

/* Begin PBXProject section */
		8CB4FDBB2ACA6AE500A46DD9 /* Project object */ = {
			isa = PBXProject;
			attributes = {
				BuildIndependentTargetsInParallel = 1;
				LastSwiftUpdateCheck = 1430;
				LastUpgradeCheck = 1430;
				TargetAttributes = {
					8CB4FDC22ACA6AE500A46DD9 = {
						CreatedOnToolsVersion = 14.3.1;
					};
				};
			};
			buildConfigurationList = 8CB4FDBE2ACA6AE500A46DD9 /* Build configuration list for PBXProject "SongStore" */;
			compatibilityVersion = "Xcode 14.0";
			developmentRegion = en;
			hasScannedForEncodings = 0;
			knownRegions = (
				en,
				Base,
				"zh-Hant",
				"zh-Hans",
			);
			mainGroup = 8CB4FDBA2ACA6AE500A46DD9;
			packageReferences = (
				8CB4FDEF2ACA6BE800A46DD9 /* XCRemoteSwiftPackageReference "RxSwift" */,
				8CB4FE042ACA6BF600A46DD9 /* XCRemoteSwiftPackageReference "Kingfisher" */,
			);
			productRefGroup = 8CB4FDC42ACA6AE500A46DD9 /* Products */;
			projectDirPath = "";
			projectRoot = "";
			targets = (
				8CB4FDC22ACA6AE500A46DD9 /* SongStore */,
			);
		};
/* End PBXProject section */

/* Begin PBXResourcesBuildPhase section */
		8CB4FDC12ACA6AE500A46DD9 /* Resources */ = {
			isa = PBXResourcesBuildPhase;
			buildActionMask = 2147483647;
			files = (
				8CB4FDD62ACA6AE600A46DD9 /* LaunchScreen.storyboard in Resources */,
				8CB4FDD32ACA6AE600A46DD9 /* Assets.xcassets in Resources */,
				8CB4FDCE2ACA6AE500A46DD9 /* Main.storyboard in Resources */,
			);
			runOnlyForDeploymentPostprocessing = 0;
		};
/* End PBXResourcesBuildPhase section */

/* Begin PBXSourcesBuildPhase section */
		8CB4FDBF2ACA6AE500A46DD9 /* Sources */ = {
			isa = PBXSourcesBuildPhase;
			buildActionMask = 2147483647;
			files = (
				8CB4FDED2ACA6BB900A46DD9 /* AppDelegate.swift in Sources */,
				8CB4FE092ACA6E0700A46DD9 /* SongModel.swift in Sources */,
				8CB4FDEC2ACA6BB900A46DD9 /* ViewController.swift in Sources */,
				8CB4FE0B2ACA6E3C00A46DD9 /* SongListViewModel.swift in Sources */,
				8CB4FDD12ACA6AE500A46DD9 /* SongStore.xcdatamodeld in Sources */,
				8CB4FDEE2ACA6BB900A46DD9 /* SceneDelegate.swift in Sources */,
			);
			runOnlyForDeploymentPostprocessing = 0;
		};
/* End PBXSourcesBuildPhase section */

/* Begin PBXVariantGroup section */
		8CB4FDCC2ACA6AE500A46DD9 /* Main.storyboard */ = {
			isa = PBXVariantGroup;
			children = (
				8CB4FDCD2ACA6AE500A46DD9 /* Base */,
				8CB4FDE12ACA6B2C00A46DD9 /* zh-Hant */,
				8CB4FDE32ACA6B3200A46DD9 /* zh-Hans */,
			);
			name = Main.storyboard;
			sourceTree = "<group>";
		};
		8CB4FDD42ACA6AE600A46DD9 /* LaunchScreen.storyboard */ = {
			isa = PBXVariantGroup;
			children = (
				8CB4FDD52ACA6AE600A46DD9 /* Base */,
				8CB4FDE22ACA6B2C00A46DD9 /* zh-Hant */,
				8CB4FDE42ACA6B3200A46DD9 /* zh-Hans */,
			);
			name = LaunchScreen.storyboard;
			sourceTree = "<group>";
		};
/* End PBXVariantGroup section */

/* Begin XCBuildConfiguration section */
		8CB4FDD82ACA6AE600A46DD9 /* Debug */ = {
			isa = XCBuildConfiguration;
			buildSettings = {
				ALWAYS_SEARCH_USER_PATHS = NO;
				CLANG_ANALYZER_LOCALIZABILITY_NONLOCALIZED = YES;
				CLANG_ANALYZER_NONNULL = YES;
				CLANG_ANALYZER_NUMBER_OBJECT_CONVERSION = YES_AGGRESSIVE;
				CLANG_CXX_LANGUAGE_STANDARD = "gnu++20";
				CLANG_ENABLE_MODULES = YES;
				CLANG_ENABLE_OBJC_ARC = YES;
				CLANG_ENABLE_OBJC_WEAK = YES;
				CLANG_WARN_BLOCK_CAPTURE_AUTORELEASING = YES;
				CLANG_WARN_BOOL_CONVERSION = YES;
				CLANG_WARN_COMMA = YES;
				CLANG_WARN_CONSTANT_CONVERSION = YES;
				CLANG_WARN_DEPRECATED_OBJC_IMPLEMENTATIONS = YES;
				CLANG_WARN_DIRECT_OBJC_ISA_USAGE = YES_ERROR;
				CLANG_WARN_DOCUMENTATION_COMMENTS = YES;
				CLANG_WARN_EMPTY_BODY = YES;
				CLANG_WARN_ENUM_CONVERSION = YES;
				CLANG_WARN_INFINITE_RECURSION = YES;
				CLANG_WARN_INT_CONVERSION = YES;
				CLANG_WARN_NON_LITERAL_NULL_CONVERSION = YES;
				CLANG_WARN_OBJC_IMPLICIT_RETAIN_SELF = YES;
				CLANG_WARN_OBJC_LITERAL_CONVERSION = YES;
				CLANG_WARN_OBJC_ROOT_CLASS = YES_ERROR;
				CLANG_WARN_QUOTED_INCLUDE_IN_FRAMEWORK_HEADER = YES;
				CLANG_WARN_RANGE_LOOP_ANALYSIS = YES;
				CLANG_WARN_STRICT_PROTOTYPES = YES;
				CLANG_WARN_SUSPICIOUS_MOVE = YES;
				CLANG_WARN_UNGUARDED_AVAILABILITY = YES_AGGRESSIVE;
				CLANG_WARN_UNREACHABLE_CODE = YES;
				CLANG_WARN__DUPLICATE_METHOD_MATCH = YES;
				COPY_PHASE_STRIP = NO;
				DEBUG_INFORMATION_FORMAT = dwarf;
				ENABLE_STRICT_OBJC_MSGSEND = YES;
				ENABLE_TESTABILITY = YES;
				GCC_C_LANGUAGE_STANDARD = gnu11;
				GCC_DYNAMIC_NO_PIC = NO;
				GCC_NO_COMMON_BLOCKS = YES;
				GCC_OPTIMIZATION_LEVEL = 0;
				GCC_PREPROCESSOR_DEFINITIONS = (
					"DEBUG=1",
					"$(inherited)",
				);
				GCC_WARN_64_TO_32_BIT_CONVERSION = YES;
				GCC_WARN_ABOUT_RETURN_TYPE = YES_ERROR;
				GCC_WARN_UNDECLARED_SELECTOR = YES;
				GCC_WARN_UNINITIALIZED_AUTOS = YES_AGGRESSIVE;
				GCC_WARN_UNUSED_FUNCTION = YES;
				GCC_WARN_UNUSED_VARIABLE = YES;
				IPHONEOS_DEPLOYMENT_TARGET = 16.4;
				MTL_ENABLE_DEBUG_INFO = INCLUDE_SOURCE;
				MTL_FAST_MATH = YES;
				ONLY_ACTIVE_ARCH = YES;
				SDKROOT = iphoneos;
				SWIFT_ACTIVE_COMPILATION_CONDITIONS = DEBUG;
				SWIFT_OPTIMIZATION_LEVEL = "-Onone";
			};
			name = Debug;
		};
		8CB4FDD92ACA6AE600A46DD9 /* Release */ = {
			isa = XCBuildConfiguration;
			buildSettings = {
				ALWAYS_SEARCH_USER_PATHS = NO;
				CLANG_ANALYZER_LOCALIZABILITY_NONLOCALIZED = YES;
				CLANG_ANALYZER_NONNULL = YES;
				CLANG_ANALYZER_NUMBER_OBJECT_CONVERSION = YES_AGGRESSIVE;
				CLANG_CXX_LANGUAGE_STANDARD = "gnu++20";
				CLANG_ENABLE_MODULES = YES;
				CLANG_ENABLE_OBJC_ARC = YES;
				CLANG_ENABLE_OBJC_WEAK = YES;
				CLANG_WARN_BLOCK_CAPTURE_AUTORELEASING = YES;
				CLANG_WARN_BOOL_CONVERSION = YES;
				CLANG_WARN_COMMA = YES;
				CLANG_WARN_CONSTANT_CONVERSION = YES;
				CLANG_WARN_DEPRECATED_OBJC_IMPLEMENTATIONS = YES;
				CLANG_WARN_DIRECT_OBJC_ISA_USAGE = YES_ERROR;
				CLANG_WARN_DOCUMENTATION_COMMENTS = YES;
				CLANG_WARN_EMPTY_BODY = YES;
				CLANG_WARN_ENUM_CONVERSION = YES;
				CLANG_WARN_INFINITE_RECURSION = YES;
				CLANG_WARN_INT_CONVERSION = YES;
				CLANG_WARN_NON_LITERAL_NULL_CONVERSION = YES;
				CLANG_WARN_OBJC_IMPLICIT_RETAIN_SELF = YES;
				CLANG_WARN_OBJC_LITERAL_CONVERSION = YES;
				CLANG_WARN_OBJC_ROOT_CLASS = YES_ERROR;
				CLANG_WARN_QUOTED_INCLUDE_IN_FRAMEWORK_HEADER = YES;
				CLANG_WARN_RANGE_LOOP_ANALYSIS = YES;
				CLANG_WARN_STRICT_PROTOTYPES = YES;
				CLANG_WARN_SUSPICIOUS_MOVE = YES;
				CLANG_WARN_UNGUARDED_AVAILABILITY = YES_AGGRESSIVE;
				CLANG_WARN_UNREACHABLE_CODE = YES;
				CLANG_WARN__DUPLICATE_METHOD_MATCH = YES;
				COPY_PHASE_STRIP = NO;
				DEBUG_INFORMATION_FORMAT = "dwarf-with-dsym";
				ENABLE_NS_ASSERTIONS = NO;
				ENABLE_STRICT_OBJC_MSGSEND = YES;
				GCC_C_LANGUAGE_STANDARD = gnu11;
				GCC_NO_COMMON_BLOCKS = YES;
				GCC_WARN_64_TO_32_BIT_CONVERSION = YES;
				GCC_WARN_ABOUT_RETURN_TYPE = YES_ERROR;
				GCC_WARN_UNDECLARED_SELECTOR = YES;
				GCC_WARN_UNINITIALIZED_AUTOS = YES_AGGRESSIVE;
				GCC_WARN_UNUSED_FUNCTION = YES;
				GCC_WARN_UNUSED_VARIABLE = YES;
				IPHONEOS_DEPLOYMENT_TARGET = 16.4;
				MTL_ENABLE_DEBUG_INFO = NO;
				MTL_FAST_MATH = YES;
				SDKROOT = iphoneos;
				SWIFT_COMPILATION_MODE = wholemodule;
				SWIFT_OPTIMIZATION_LEVEL = "-O";
				VALIDATE_PRODUCT = YES;
			};
			name = Release;
		};
		8CB4FDDB2ACA6AE600A46DD9 /* Debug */ = {
			isa = XCBuildConfiguration;
			buildSettings = {
				ASSETCATALOG_COMPILER_APPICON_NAME = AppIcon;
				ASSETCATALOG_COMPILER_GLOBAL_ACCENT_COLOR_NAME = AccentColor;
				CODE_SIGN_STYLE = Automatic;
				CURRENT_PROJECT_VERSION = 1;
				DEVELOPMENT_TEAM = F7FB279AWX;
				GENERATE_INFOPLIST_FILE = YES;
				INFOPLIST_FILE = SongStore/Info.plist;
				INFOPLIST_KEY_UIApplicationSupportsIndirectInputEvents = YES;
				INFOPLIST_KEY_UILaunchStoryboardName = LaunchScreen;
				INFOPLIST_KEY_UIMainStoryboardFile = Main;
				INFOPLIST_KEY_UISupportedInterfaceOrientations_iPad = "UIInterfaceOrientationPortrait UIInterfaceOrientationPortraitUpsideDown UIInterfaceOrientationLandscapeLeft UIInterfaceOrientationLandscapeRight";
				INFOPLIST_KEY_UISupportedInterfaceOrientations_iPhone = "UIInterfaceOrientationPortrait UIInterfaceOrientationLandscapeLeft UIInterfaceOrientationLandscapeRight";
				IPHONEOS_DEPLOYMENT_TARGET = 12.0;
				LD_RUNPATH_SEARCH_PATHS = (
					"$(inherited)",
					"@executable_path/Frameworks",
				);
				MARKETING_VERSION = 1.0;
				PRODUCT_BUNDLE_IDENTIFIER = com.keysoc.SongStore;
				PRODUCT_NAME = "$(TARGET_NAME)";
				SWIFT_EMIT_LOC_STRINGS = YES;
				SWIFT_VERSION = 5.0;
				TARGETED_DEVICE_FAMILY = "1,2";
			};
			name = Debug;
		};
		8CB4FDDC2ACA6AE600A46DD9 /* Release */ = {
			isa = XCBuildConfiguration;
			buildSettings = {
				ASSETCATALOG_COMPILER_APPICON_NAME = AppIcon;
				ASSETCATALOG_COMPILER_GLOBAL_ACCENT_COLOR_NAME = AccentColor;
				CODE_SIGN_STYLE = Automatic;
				CURRENT_PROJECT_VERSION = 1;
				DEVELOPMENT_TEAM = F7FB279AWX;
				GENERATE_INFOPLIST_FILE = YES;
				INFOPLIST_FILE = SongStore/Info.plist;
				INFOPLIST_KEY_UIApplicationSupportsIndirectInputEvents = YES;
				INFOPLIST_KEY_UILaunchStoryboardName = LaunchScreen;
				INFOPLIST_KEY_UIMainStoryboardFile = Main;
				INFOPLIST_KEY_UISupportedInterfaceOrientations_iPad = "UIInterfaceOrientationPortrait UIInterfaceOrientationPortraitUpsideDown UIInterfaceOrientationLandscapeLeft UIInterfaceOrientationLandscapeRight";
				INFOPLIST_KEY_UISupportedInterfaceOrientations_iPhone = "UIInterfaceOrientationPortrait UIInterfaceOrientationLandscapeLeft UIInterfaceOrientationLandscapeRight";
				IPHONEOS_DEPLOYMENT_TARGET = 12.0;
				LD_RUNPATH_SEARCH_PATHS = (
					"$(inherited)",
					"@executable_path/Frameworks",
				);
				MARKETING_VERSION = 1.0;
				PRODUCT_BUNDLE_IDENTIFIER = com.keysoc.SongStore;
				PRODUCT_NAME = "$(TARGET_NAME)";
				SWIFT_EMIT_LOC_STRINGS = YES;
				SWIFT_VERSION = 5.0;
				TARGETED_DEVICE_FAMILY = "1,2";
			};
			name = Release;
		};
/* End XCBuildConfiguration section */

/* Begin XCConfigurationList section */
		8CB4FDBE2ACA6AE500A46DD9 /* Build configuration list for PBXProject "SongStore" */ = {
			isa = XCConfigurationList;
			buildConfigurations = (
				8CB4FDD82ACA6AE600A46DD9 /* Debug */,
				8CB4FDD92ACA6AE600A46DD9 /* Release */,
			);
			defaultConfigurationIsVisible = 0;
			defaultConfigurationName = Release;
		};
		8CB4FDDA2ACA6AE600A46DD9 /* Build configuration list for PBXNativeTarget "SongStore" */ = {
			isa = XCConfigurationList;
			buildConfigurations = (
				8CB4FDDB2ACA6AE600A46DD9 /* Debug */,
				8CB4FDDC2ACA6AE600A46DD9 /* Release */,
			);
			defaultConfigurationIsVisible = 0;
			defaultConfigurationName = Release;
		};
/* End XCConfigurationList section */

/* Begin XCRemoteSwiftPackageReference section */
		8CB4FDEF2ACA6BE800A46DD9 /* XCRemoteSwiftPackageReference "RxSwift" */ = {
			isa = XCRemoteSwiftPackageReference;
			repositoryURL = "https://github.com/ReactiveX/RxSwift.git";
			requirement = {
				kind = upToNextMajorVersion;
				minimumVersion = 6.0.0;
			};
		};
		8CB4FE042ACA6BF600A46DD9 /* XCRemoteSwiftPackageReference "Kingfisher" */ = {
			isa = XCRemoteSwiftPackageReference;
			repositoryURL = "https://github.com/onevcat/Kingfisher.git";
			requirement = {
				kind = upToNextMajorVersion;
				minimumVersion = 7.0.0;
			};
		};
/* End XCRemoteSwiftPackageReference section */

/* Begin XCSwiftPackageProductDependency section */
		8CB4FDF42ACA6BE800A46DD9 /* RxCocoa */ = {
			isa = XCSwiftPackageProductDependency;
			package = 8CB4FDEF2ACA6BE800A46DD9 /* XCRemoteSwiftPackageReference "RxSwift" */;
			productName = RxCocoa;
		};
		8CB4FDFC2ACA6BE800A46DD9 /* RxSwift */ = {
			isa = XCSwiftPackageProductDependency;
			package = 8CB4FDEF2ACA6BE800A46DD9 /* XCRemoteSwiftPackageReference "RxSwift" */;
			productName = RxSwift;
		};
		8CB4FE052ACA6BF600A46DD9 /* Kingfisher */ = {
			isa = XCSwiftPackageProductDependency;
			package = 8CB4FE042ACA6BF600A46DD9 /* XCRemoteSwiftPackageReference "Kingfisher" */;
			productName = Kingfisher;
		};
/* End XCSwiftPackageProductDependency section */

/* Begin XCVersionGroup section */
		8CB4FDCF2ACA6AE500A46DD9 /* SongStore.xcdatamodeld */ = {
			isa = XCVersionGroup;
			children = (
				8CB4FDD02ACA6AE500A46DD9 /* SongStore.xcdatamodel */,
			);
			currentVersion = 8CB4FDD02ACA6AE500A46DD9 /* SongStore.xcdatamodel */;
			path = SongStore.xcdatamodeld;
			sourceTree = "<group>";
			versionGroupType = wrapper.xcdatamodel;
		};
/* End XCVersionGroup section */
	};
	rootObject = 8CB4FDBB2ACA6AE500A46DD9 /* Project object */;
}
